{
  "name": "statustick-api",
  "version": "3.0.0",
  "lockfileVersion": 1,
  "requires": true,
  "dependencies": {
    "colors": {
      "version": "1.1.2",
      "resolved": "https://registry.npmjs.org/colors/-/colors-1.1.2.tgz",
      "integrity": "sha1-FopHAXVran9RoSzgyXv6KMCE7WM="
    },
    "express-list-routes": {
      "version": "0.1.4",
      "resolved": "https://registry.npmjs.org/express-list-routes/-/express-list-routes-0.1.4.tgz",
      "integrity": "sha1-xlwxw/thnHnAVD97TsToMFbs5hY=",
      "requires": {
        "colors": "1.1.2",
        "lodash": "3.10.1"
      },
      "dependencies": {
        "lodash": {
          "version": "3.10.1",
          "resolved": "https://registry.npmjs.org/lodash/-/lodash-3.10.1.tgz",
          "integrity": "sha1-W/Rejkm6QYnhfUgnid/RW9FAt7Y="
        }
      }
    }
  }
}
